#
# This file is autogenerated by pip-compile
# To update, run:
#
#    pip-compile --output-file=requirements.txt.lock requirements.txt
#
--index-url https://artifactory.audeering.com/artifactory/api/pypi/pypi/simple
--trusted-host artifactory.audeering.com

audata==0.5.2
audeer==0.9.3             # via audata
audiofile==0.2.1          # via audata
beautifulsoup4==4.4.1     # via pycaption
cffi==1.12.3              # via soundfile
cssutils==1.0.2           # via pycaption
enum34==1.1.6             # via pycaption
future==0.18.2            # via namedtupled, pycaption
lxml==4.4.2               # via pycaption
namedtupled==0.3.3        # via audeer
numpy==1.17.2             # via audata, audiofile, pandas, scipy
oyaml==0.9                # via audata
pandas==0.25.1            # via audata
pycaption==1.0.1
pycountry==19.8.18        # via audata
pycparser==2.19           # via cffi
python-dateutil==2.8.0    # via pandas
pytz==2019.2              # via pandas
pyyaml==5.1.2             # via namedtupled, oyaml
scipy==1.3.3
six==1.12.0               # via pycaption, python-dateutil
soundfile==0.10.2         # via audiofile
sox==1.3.7                # via audiofile
tqdm==4.35.0              # via audata
