#
# This file is autogenerated by pip-compile
# To update, run:
#
#    pip-compile --output-file=requirements.txt.lock requirements.txt
#
--index-url https://artifactory.audeering.com/artifactory/api/pypi/pypi/simple
--trusted-host artifactory.audeering.com

audb2==0.90.3             # via -r requirements.txt
audb==0.12.1              # via -r requirements.txt
audeer==1.9.0             # via audb, audfactory, audformat, audiofile, audobject
audfactory==0.7.2         # via audb, audb2
audformat==0.9.7          # via audb, audb2
audiofile==0.4.1          # via audb2, audformat
audobject==0.4.7          # via audb2
audresample==0.1.1        # via audb2
certifi==2020.12.5        # via requests
cffi==1.14.4              # via soundfile
chardet==4.0.0            # via requests
dohq-artifactory==0.7.508  # via audfactory
fire==0.4.0               # via audb, audb2
idna==2.10                # via requests
iso-639==0.4.5            # via audformat
numpy==1.19.5             # via audiofile, audresample, pandas, sox
oyaml==1.0                # via audformat, audobject
packaging==20.8           # via audb
pandas==1.1.5             # via audformat
pycparser==2.20           # via cffi
pyjwt==2.0.1              # via dohq-artifactory
pyparsing==2.4.7          # via packaging
python-dateutil==2.8.1    # via dohq-artifactory, pandas
pytz==2020.5              # via pandas
pyyaml==5.4.1             # via oyaml
requests==2.25.1          # via dohq-artifactory
six==1.15.0               # via fire, python-dateutil
soundfile==0.10.3.post1   # via audiofile
sox==1.4.1                # via audb, audiofile
termcolor==1.1.0          # via fire
tqdm==4.56.0              # via audeer
urllib3==1.26.2           # via requests
xmltodict==0.12.0         # via audb, audfactory
